
Microsoft Visual Studio Solution File, Format Version 12.00
# Visual Studio Version 16
VisualStudioVersion = 16.0.29509.3
MinimumVisualStudioVersion = 10.0.40219.1
Project("{FAE04EC0-301F-11D3-BF4B-00C04F79EFBC}") = "AppConsultaCep.UWP", "AppConsultaCep.UWP\AppConsultaCep.UWP.csproj", "{D9539210-45F8-4423-A170-A4B2E92247D3}"
EndProject
Project("{FAE04EC0-301F-11D3-BF4B-00C04F79EFBC}") = "AppConsultaCep.Android", "AppConsultaCep.Android\AppConsultaCep.Android.csproj", "{8B80C643-8C48-45C7-B4EA-3C7D38D7E203}"
EndProject
Project("{FAE04EC0-301F-11D3-BF4B-00C04F79EFBC}") = "AppConsultaCep.iOS", "AppConsultaCep.iOS\AppConsultaCep.iOS.csproj", "{53BAA1FE-0D8A-4598-99A5-66B59843F187}"
EndProject
Project("{FAE04EC0-301F-11D3-BF4B-00C04F79EFBC}") = "AppConsultaCep", "AppConsultaCep\AppConsultaCep.csproj", "{78516B0B-B175-462C-94AB-4BA7E4B83995}"
EndProject
Global
	GlobalSection(SolutionConfigurationPlatforms) = preSolution
		Debug|Any CPU = Debug|Any CPU
		Debug|ARM = Debug|ARM
		Debug|iPhone = Debug|iPhone
		Debug|iPhoneSimulator = Debug|iPhoneSimulator
		Debug|x64 = Debug|x64
		Debug|x86 = Debug|x86
		Release|Any CPU = Release|Any CPU
		Release|ARM = Release|ARM
		Release|iPhone = Release|iPhone
		Release|iPhoneSimulator = Release|iPhoneSimulator
		Release|x64 = Release|x64
		Release|x86 = Release|x86
	EndGlobalSection
	GlobalSection(ProjectConfigurationPlatforms) = postSolution
		{D9539210-45F8-4423-A170-A4B2E92247D3}.Debug|Any CPU.ActiveCfg = Debug|x86
		{D9539210-45F8-4423-A170-A4B2E92247D3}.Debug|Any CPU.Build.0 = Debug|x86
		{D9539210-45F8-4423-A170-A4B2E92247D3}.Debug|Any CPU.Deploy.0 = Debug|x86
		{D9539210-45F8-4423-A170-A4B2E92247D3}.Debug|ARM.ActiveCfg = Debug|ARM
		{D9539210-45F8-4423-A170-A4B2E92247D3}.Debug|ARM.Build.0 = Debug|ARM
		{D9539210-45F8-4423-A170-A4B2E92247D3}.Debug|ARM.Deploy.0 = Debug|ARM
		{D9539210-45F8-4423-A170-A4B2E92247D3}.Debug|iPhone.ActiveCfg = Debug|x86
		{D9539210-45F8-4423-A170-A4B2E92247D3}.Debug|iPhone.Build.0 = Debug|x86
		{D9539210-45F8-4423-A170-A4B2E92247D3}.Debug|iPhone.Deploy.0 = Debug|x86
		{D9539210-45F8-4423-A170-A4B2E92247D3}.Debug|iPhoneSimulator.ActiveCfg = Debug|x86
		{D9539210-45F8-4423-A170-A4B2E92247D3}.Debug|iPhoneSimulator.Build.0 = Debug|x86
		{D9539210-45F8-4423-A170-A4B2E92247D3}.Debug|iPhoneSimulator.Deploy.0 = Debug|x86
		{D9539210-45F8-4423-A170-A4B2E92247D3}.Debug|x64.ActiveCfg = Debug|x64
		{D9539210-45F8-4423-A170-A4B2E92247D3}.Debug|x64.Build.0 = Debug|x64
		{D9539210-45F8-4423-A170-A4B2E92247D3}.Debug|x64.Deploy.0 = Debug|x64
		{D9539210-45F8-4423-A170-A4B2E92247D3}.Debug|x86.ActiveCfg = Debug|x86
		{D9539210-45F8-4423-A170-A4B2E92247D3}.Debug|x86.Build.0 = Debug|x86
		{D9539210-45F8-4423-A170-A4B2E92247D3}.Debug|x86.Deploy.0 = Debug|x86
		{D9539210-45F8-4423-A170-A4B2E92247D3}.Release|Any CPU.ActiveCfg = Release|x86
		{D9539210-45F8-4423-A170-A4B2E92247D3}.Release|Any CPU.Build.0 = Release|x86
		{D9539210-45F8-4423-A170-A4B2E92247D3}.Release|Any CPU.Deploy.0 = Release|x86
		{D9539210-45F8-4423-A170-A4B2E92247D3}.Release|ARM.ActiveCfg = Release|ARM
		{D9539210-45F8-4423-A170-A4B2E92247D3}.Release|ARM.Build.0 = Release|ARM
		{D9539210-45F8-4423-A170-A4B2E92247D3}.Release|ARM.Deploy.0 = Release|ARM
		{D9539210-45F8-4423-A170-A4B2E92247D3}.Release|iPhone.ActiveCfg = Release|x86
		{D9539210-45F8-4423-A170-A4B2E92247D3}.Release|iPhone.Build.0 = Release|x86
		{D9539210-45F8-4423-A170-A4B2E92247D3}.Release|iPhone.Deploy.0 = Release|x86
		{D9539210-45F8-4423-A170-A4B2E92247D3}.Release|iPhoneSimulator.ActiveCfg = Release|x86
		{D9539210-45F8-4423-A170-A4B2E92247D3}.Release|iPhoneSimulator.Build.0 = Release|x86
		{D9539210-45F8-4423-A170-A4B2E92247D3}.Release|iPhoneSimulator.Deploy.0 = Release|x86
		{D9539210-45F8-4423-A170-A4B2E92247D3}.Release|x64.ActiveCfg = Release|x64
		{D9539210-45F8-4423-A170-A4B2E92247D3}.Release|x64.Build.0 = Release|x64
		{D9539210-45F8-4423-A170-A4B2E92247D3}.Release|x64.Deploy.0 = Release|x64
		{D9539210-45F8-4423-A170-A4B2E92247D3}.Release|x86.ActiveCfg = Release|x86
		{D9539210-45F8-4423-A170-A4B2E92247D3}.Release|x86.Build.0 = Release|x86
		{D9539210-45F8-4423-A170-A4B2E92247D3}.Release|x86.Deploy.0 = Release|x86
		{8B80C643-8C48-45C7-B4EA-3C7D38D7E203}.Debug|Any CPU.ActiveCfg = Debug|Any CPU
		{8B80C643-8C48-45C7-B4EA-3C7D38D7E203}.Debug|Any CPU.Build.0 = Debug|Any CPU
		{8B80C643-8C48-45C7-B4EA-3C7D38D7E203}.Debug|Any CPU.Deploy.0 = Debug|Any CPU
		{8B80C643-8C48-45C7-B4EA-3C7D38D7E203}.Debug|ARM.ActiveCfg = Debug|Any CPU
		{8B80C643-8C48-45C7-B4EA-3C7D38D7E203}.Debug|ARM.Build.0 = Debug|Any CPU
		{8B80C643-8C48-45C7-B4EA-3C7D38D7E203}.Debug|ARM.Deploy.0 = Debug|Any CPU
		{8B80C643-8C48-45C7-B4EA-3C7D38D7E203}.Debug|iPhone.ActiveCfg = Debug|Any CPU
		{8B80C643-8C48-45C7-B4EA-3C7D38D7E203}.Debug|iPhone.Build.0 = Debug|Any CPU
		{8B80C643-8C48-45C7-B4EA-3C7D38D7E203}.Debug|iPhone.Deploy.0 = Debug|Any CPU
		{8B80C643-8C48-45C7-B4EA-3C7D38D7E203}.Debug|iPhoneSimulator.ActiveCfg = Debug|Any CPU
		{8B80C643-8C48-45C7-B4EA-3C7D38D7E203}.Debug|iPhoneSimulator.Build.0 = Debug|Any CPU
		{8B80C643-8C48-45C7-B4EA-3C7D38D7E203}.Debug|iPhoneSimulator.Deploy.0 = Debug|Any CPU
		{8B80C643-8C48-45C7-B4EA-3C7D38D7E203}.Debug|x64.ActiveCfg = Debug|Any CPU
		{8B80C643-8C48-45C7-B4EA-3C7D38D7E203}.Debug|x64.Build.0 = Debug|Any CPU
		{8B80C643-8C48-45C7-B4EA-3C7D38D7E203}.Debug|x64.Deploy.0 = Debug|Any CPU
		{8B80C643-8C48-45C7-B4EA-3C7D38D7E203}.Debug|x86.ActiveCfg = Debug|Any CPU
		{8B80C643-8C48-45C7-B4EA-3C7D38D7E203}.Debug|x86.Build.0 = Debug|Any CPU
		{8B80C643-8C48-45C7-B4EA-3C7D38D7E203}.Debug|x86.Deploy.0 = Debug|Any CPU
		{8B80C643-8C48-45C7-B4EA-3C7D38D7E203}.Release|Any CPU.ActiveCfg = Release|Any CPU
		{8B80C643-8C48-45C7-B4EA-3C7D38D7E203}.Release|Any CPU.Build.0 = Release|Any CPU
		{8B80C643-8C48-45C7-B4EA-3C7D38D7E203}.Release|Any CPU.Deploy.0 = Release|Any CPU
		{8B80C643-8C48-45C7-B4EA-3C7D38D7E203}.Release|ARM.ActiveCfg = Release|Any CPU
		{8B80C643-8C48-45C7-B4EA-3C7D38D7E203}.Release|ARM.Build.0 = Release|Any CPU
		{8B80C643-8C48-45C7-B4EA-3C7D38D7E203}.Release|ARM.Deploy.0 = Release|Any CPU
		{8B80C643-8C48-45C7-B4EA-3C7D38D7E203}.Release|iPhone.ActiveCfg = Release|Any CPU
		{8B80C643-8C48-45C7-B4EA-3C7D38D7E203}.Release|iPhone.Build.0 = Release|Any CPU
		{8B80C643-8C48-45C7-B4EA-3C7D38D7E203}.Release|iPhone.Deploy.0 = Release|Any CPU
		{8B80C643-8C48-45C7-B4EA-3C7D38D7E203}.Release|iPhoneSimulator.ActiveCfg = Release|Any CPU
		{8B80C643-8C48-45C7-B4EA-3C7D38D7E203}.Release|iPhoneSimulator.Build.0 = Release|Any CPU
		{8B80C643-8C48-45C7-B4EA-3C7D38D7E203}.Release|iPhoneSimulator.Deploy.0 = Release|Any CPU
		{8B80C643-8C48-45C7-B4EA-3C7D38D7E203}.Release|x64.ActiveCfg = Release|Any CPU
		{8B80C643-8C48-45C7-B4EA-3C7D38D7E203}.Release|x64.Build.0 = Release|Any CPU
		{8B80C643-8C48-45C7-B4EA-3C7D38D7E203}.Release|x64.Deploy.0 = Release|Any CPU
		{8B80C643-8C48-45C7-B4EA-3C7D38D7E203}.Release|x86.ActiveCfg = Release|Any CPU
		{8B80C643-8C48-45C7-B4EA-3C7D38D7E203}.Release|x86.Build.0 = Release|Any CPU
		{8B80C643-8C48-45C7-B4EA-3C7D38D7E203}.Release|x86.Deploy.0 = Release|Any CPU
		{53BAA1FE-0D8A-4598-99A5-66B59843F187}.Debug|Any CPU.ActiveCfg = Debug|iPhone
		{53BAA1FE-0D8A-4598-99A5-66B59843F187}.Debug|Any CPU.Build.0 = Debug|iPhone
		{53BAA1FE-0D8A-4598-99A5-66B59843F187}.Debug|Any CPU.Deploy.0 = Debug|iPhone
		{53BAA1FE-0D8A-4598-99A5-66B59843F187}.Debug|ARM.ActiveCfg = Debug|iPhoneSimulator
		{53BAA1FE-0D8A-4598-99A5-66B59843F187}.Debug|ARM.Build.0 = Debug|iPhoneSimulator
		{53BAA1FE-0D8A-4598-99A5-66B59843F187}.Debug|ARM.Deploy.0 = Debug|iPhoneSimulator
		{53BAA1FE-0D8A-4598-99A5-66B59843F187}.Debug|iPhone.ActiveCfg = Debug|iPhone
		{53BAA1FE-0D8A-4598-99A5-66B59843F187}.Debug|iPhone.Build.0 = Debug|iPhone
		{53BAA1FE-0D8A-4598-99A5-66B59843F187}.Debug|iPhone.Deploy.0 = Debug|iPhone
		{53BAA1FE-0D8A-4598-99A5-66B59843F187}.Debug|iPhoneSimulator.ActiveCfg = Debug|iPhoneSimulator
		{53BAA1FE-0D8A-4598-99A5-66B59843F187}.Debug|iPhoneSimulator.Build.0 = Debug|iPhoneSimulator
		{53BAA1FE-0D8A-4598-99A5-66B59843F187}.Debug|iPhoneSimulator.Deploy.0 = Debug|iPhoneSimulator
		{53BAA1FE-0D8A-4598-99A5-66B59843F187}.Debug|x64.ActiveCfg = Debug|iPhone
		{53BAA1FE-0D8A-4598-99A5-66B59843F187}.Debug|x64.Build.0 = Debug|iPhone
		{53BAA1FE-0D8A-4598-99A5-66B59843F187}.Debug|x64.Deploy.0 = Debug|iPhone
		{53BAA1FE-0D8A-4598-99A5-66B59843F187}.Debug|x86.ActiveCfg = Debug|iPhone
		{53BAA1FE-0D8A-4598-99A5-66B59843F187}.Debug|x86.Build.0 = Debug|iPhone
		{53BAA1FE-0D8A-4598-99A5-66B59843F187}.Debug|x86.Deploy.0 = Debug|iPhone
		{53BAA1FE-0D8A-4598-99A5-66B59843F187}.Release|Any CPU.ActiveCfg = Release|iPhone
		{53BAA1FE-0D8A-4598-99A5-66B59843F187}.Release|Any CPU.Build.0 = Release|iPhone
		{53BAA1FE-0D8A-4598-99A5-66B59843F187}.Release|Any CPU.Deploy.0 = Release|iPhone
		{53BAA1FE-0D8A-4598-99A5-66B59843F187}.Release|ARM.ActiveCfg = Release|iPhone
		{53BAA1FE-0D8A-4598-99A5-66B59843F187}.Release|ARM.Build.0 = Release|iPhone
		{53BAA1FE-0D8A-4598-99A5-66B59843F187}.Release|ARM.Deploy.0 = Release|iPhone
		{53BAA1FE-0D8A-4598-99A5-66B59843F187}.Release|iPhone.ActiveCfg = Release|iPhone
		{53BAA1FE-0D8A-4598-99A5-66B59843F187}.Release|iPhone.Build.0 = Release|iPhone
		{53BAA1FE-0D8A-4598-99A5-66B59843F187}.Release|iPhone.Deploy.0 = Release|iPhone
		{53BAA1FE-0D8A-4598-99A5-66B59843F187}.Release|iPhoneSimulator.ActiveCfg = Release|iPhoneSimulator
		{53BAA1FE-0D8A-4598-99A5-66B59843F187}.Release|iPhoneSimulator.Build.0 = Release|iPhoneSimulator
		{53BAA1FE-0D8A-4598-99A5-66B59843F187}.Release|iPhoneSimulator.Deploy.0 = Release|iPhoneSimulator
		{53BAA1FE-0D8A-4598-99A5-66B59843F187}.Release|x64.ActiveCfg = Release|iPhone
		{53BAA1FE-0D8A-4598-99A5-66B59843F187}.Release|x64.Build.0 = Release|iPhone
		{53BAA1FE-0D8A-4598-99A5-66B59843F187}.Release|x64.Deploy.0 = Release|iPhone
		{53BAA1FE-0D8A-4598-99A5-66B59843F187}.Release|x86.ActiveCfg = Release|iPhone
		{53BAA1FE-0D8A-4598-99A5-66B59843F187}.Release|x86.Build.0 = Release|iPhone
		{53BAA1FE-0D8A-4598-99A5-66B59843F187}.Release|x86.Deploy.0 = Release|iPhone
		{78516B0B-B175-462C-94AB-4BA7E4B83995}.Debug|Any CPU.ActiveCfg = Debug|Any CPU
		{78516B0B-B175-462C-94AB-4BA7E4B83995}.Debug|Any CPU.Build.0 = Debug|Any CPU
		{78516B0B-B175-462C-94AB-4BA7E4B83995}.Debug|Any CPU.Deploy.0 = Debug|Any CPU
		{78516B0B-B175-462C-94AB-4BA7E4B83995}.Debug|ARM.ActiveCfg = Debug|Any CPU
		{78516B0B-B175-462C-94AB-4BA7E4B83995}.Debug|ARM.Build.0 = Debug|Any CPU
		{78516B0B-B175-462C-94AB-4BA7E4B83995}.Debug|ARM.Deploy.0 = Debug|Any CPU
		{78516B0B-B175-462C-94AB-4BA7E4B83995}.Debug|iPhone.ActiveCfg = Debug|Any CPU
		{78516B0B-B175-462C-94AB-4BA7E4B83995}.Debug|iPhone.Build.0 = Debug|Any CPU
		{78516B0B-B175-462C-94AB-4BA7E4B83995}.Debug|iPhone.Deploy.0 = Debug|Any CPU
		{78516B0B-B175-462C-94AB-4BA7E4B83995}.Debug|iPhoneSimulator.ActiveCfg = Debug|Any CPU
		{78516B0B-B175-462C-94AB-4BA7E4B83995}.Debug|iPhoneSimulator.Build.0 = Debug|Any CPU
		{78516B0B-B175-462C-94AB-4BA7E4B83995}.Debug|iPhoneSimulator.Deploy.0 = Debug|Any CPU
		{78516B0B-B175-462C-94AB-4BA7E4B83995}.Debug|x64.ActiveCfg = Debug|Any CPU
		{78516B0B-B175-462C-94AB-4BA7E4B83995}.Debug|x64.Build.0 = Debug|Any CPU
		{78516B0B-B175-462C-94AB-4BA7E4B83995}.Debug|x64.Deploy.0 = Debug|Any CPU
		{78516B0B-B175-462C-94AB-4BA7E4B83995}.Debug|x86.ActiveCfg = Debug|Any CPU
		{78516B0B-B175-462C-94AB-4BA7E4B83995}.Debug|x86.Build.0 = Debug|Any CPU
		{78516B0B-B175-462C-94AB-4BA7E4B83995}.Debug|x86.Deploy.0 = Debug|Any CPU
		{78516B0B-B175-462C-94AB-4BA7E4B83995}.Release|Any CPU.ActiveCfg = Release|Any CPU
		{78516B0B-B175-462C-94AB-4BA7E4B83995}.Release|Any CPU.Build.0 = Release|Any CPU
		{78516B0B-B175-462C-94AB-4BA7E4B83995}.Release|Any CPU.Deploy.0 = Release|Any CPU
		{78516B0B-B175-462C-94AB-4BA7E4B83995}.Release|ARM.ActiveCfg = Release|Any CPU
		{78516B0B-B175-462C-94AB-4BA7E4B83995}.Release|ARM.Build.0 = Release|Any CPU
		{78516B0B-B175-462C-94AB-4BA7E4B83995}.Release|ARM.Deploy.0 = Release|Any CPU
		{78516B0B-B175-462C-94AB-4BA7E4B83995}.Release|iPhone.ActiveCfg = Release|Any CPU
		{78516B0B-B175-462C-94AB-4BA7E4B83995}.Release|iPhone.Build.0 = Release|Any CPU
		{78516B0B-B175-462C-94AB-4BA7E4B83995}.Release|iPhone.Deploy.0 = Release|Any CPU
		{78516B0B-B175-462C-94AB-4BA7E4B83995}.Release|iPhoneSimulator.ActiveCfg = Release|Any CPU
		{78516B0B-B175-462C-94AB-4BA7E4B83995}.Release|iPhoneSimulator.Build.0 = Release|Any CPU
		{78516B0B-B175-462C-94AB-4BA7E4B83995}.Release|iPhoneSimulator.Deploy.0 = Release|Any CPU
		{78516B0B-B175-462C-94AB-4BA7E4B83995}.Release|x64.ActiveCfg = Release|Any CPU
		{78516B0B-B175-462C-94AB-4BA7E4B83995}.Release|x64.Build.0 = Release|Any CPU
		{78516B0B-B175-462C-94AB-4BA7E4B83995}.Release|x64.Deploy.0 = Release|Any CPU
		{78516B0B-B175-462C-94AB-4BA7E4B83995}.Release|x86.ActiveCfg = Release|Any CPU
		{78516B0B-B175-462C-94AB-4BA7E4B83995}.Release|x86.Build.0 = Release|Any CPU
		{78516B0B-B175-462C-94AB-4BA7E4B83995}.Release|x86.Deploy.0 = Release|Any CPU
	EndGlobalSection
	GlobalSection(SolutionProperties) = preSolution
		HideSolutionNode = FALSE
	EndGlobalSection
	GlobalSection(ExtensibilityGlobals) = postSolution
		SolutionGuid = {5A411B39-C5A9-4F34-8574-7F61BA6340D1}
	EndGlobalSection
EndGlobal
